
Microsoft Visual Studio Solution File, Format Version 12.00
# Visual Studio Version 16
VisualStudioVersion = 16.0.30320.27
MinimumVisualStudioVersion = 10.0.40219.1
Project("{FAE04EC0-301F-11D3-BF4B-00C04F79EFBC}") = "Br.Com.LojaQueExplode.Domain", "Br.Com.LojaQueExplode.Domain\Br.Com.LojaQueExplode.Domain.csproj", "{61728E88-2778-44DF-9683-86A23AFE0483}"
EndProject
Project("{FAE04EC0-301F-11D3-BF4B-00C04F79EFBC}") = "Br.Com.LojaQueExplode.Infra", "Br.Com.LojaQueExplode.Infra\Br.Com.LojaQueExplode.Infra.csproj", "{FE57AFDD-360F-4229-A81B-1F89A41CDC2C}"
EndProject
Project("{FAE04EC0-301F-11D3-BF4B-00C04F79EFBC}") = "Br.Com.LojaQueExplode.Api", "Br.Com.LojaQueExplode.Api\Br.Com.LojaQueExplode.Api.csproj", "{8F63620C-313F-4F5D-84A0-EFC892D1CF40}"
EndProject
Project("{FAE04EC0-301F-11D3-BF4B-00C04F79EFBC}") = "Br.Com.LojaQueExplode.Business", "Br.Com.LojaQueExplode.Business\Br.Com.LojaQueExplode.Business.csproj", "{8EFC1B75-4A51-4DD3-8EFF-6355857F7E32}"
EndProject
Project("{FAE04EC0-301F-11D3-BF4B-00C04F79EFBC}") = "Br.Com.LojaQueExplode.Util", "Br.Com.LojaQueExplode.Util\Br.Com.LojaQueExplode.Util.csproj", "{960FA7AE-98F8-46CF-89CD-D5531B7F97EB}"
EndProject
Global
	GlobalSection(SolutionConfigurationPlatforms) = preSolution
		Debug|Any CPU = Debug|Any CPU
		Release|Any CPU = Release|Any CPU
	EndGlobalSection
	GlobalSection(ProjectConfigurationPlatforms) = postSolution
		{61728E88-2778-44DF-9683-86A23AFE0483}.Debug|Any CPU.ActiveCfg = Debug|Any CPU
		{61728E88-2778-44DF-9683-86A23AFE0483}.Debug|Any CPU.Build.0 = Debug|Any CPU
		{61728E88-2778-44DF-9683-86A23AFE0483}.Release|Any CPU.ActiveCfg = Release|Any CPU
		{61728E88-2778-44DF-9683-86A23AFE0483}.Release|Any CPU.Build.0 = Release|Any CPU
		{FE57AFDD-360F-4229-A81B-1F89A41CDC2C}.Debug|Any CPU.ActiveCfg = Debug|Any CPU
		{FE57AFDD-360F-4229-A81B-1F89A41CDC2C}.Debug|Any CPU.Build.0 = Debug|Any CPU
		{FE57AFDD-360F-4229-A81B-1F89A41CDC2C}.Release|Any CPU.ActiveCfg = Release|Any CPU
		{FE57AFDD-360F-4229-A81B-1F89A41CDC2C}.Release|Any CPU.Build.0 = Release|Any CPU
		{8F63620C-313F-4F5D-84A0-EFC892D1CF40}.Debug|Any CPU.ActiveCfg = Debug|Any CPU
		{8F63620C-313F-4F5D-84A0-EFC892D1CF40}.Debug|Any CPU.Build.0 = Debug|Any CPU
		{8F63620C-313F-4F5D-84A0-EFC892D1CF40}.Release|Any CPU.ActiveCfg = Release|Any CPU
		{8F63620C-313F-4F5D-84A0-EFC892D1CF40}.Release|Any CPU.Build.0 = Release|Any CPU
		{8EFC1B75-4A51-4DD3-8EFF-6355857F7E32}.Debug|Any CPU.ActiveCfg = Debug|Any CPU
		{8EFC1B75-4A51-4DD3-8EFF-6355857F7E32}.Debug|Any CPU.Build.0 = Debug|Any CPU
		{8EFC1B75-4A51-4DD3-8EFF-6355857F7E32}.Release|Any CPU.ActiveCfg = Release|Any CPU
		{8EFC1B75-4A51-4DD3-8EFF-6355857F7E32}.Release|Any CPU.Build.0 = Release|Any CPU
		{960FA7AE-98F8-46CF-89CD-D5531B7F97EB}.Debug|Any CPU.ActiveCfg = Debug|Any CPU
		{960FA7AE-98F8-46CF-89CD-D5531B7F97EB}.Debug|Any CPU.Build.0 = Debug|Any CPU
		{960FA7AE-98F8-46CF-89CD-D5531B7F97EB}.Release|Any CPU.ActiveCfg = Release|Any CPU
		{960FA7AE-98F8-46CF-89CD-D5531B7F97EB}.Release|Any CPU.Build.0 = Release|Any CPU
	EndGlobalSection
	GlobalSection(SolutionProperties) = preSolution
		HideSolutionNode = FALSE
	EndGlobalSection
	GlobalSection(ExtensibilityGlobals) = postSolution
		SolutionGuid = {CB2C376D-77FC-49D2-B26B-6F4EC3B38420}
	EndGlobalSection
EndGlobal
